lockfileVersion: '9.0'

settings:
  autoInstallPeers: true
  excludeLinksFromLockfile: false

importers:

  .:
    dependencies:
      ace-builds:
        specifier: ^1.43.6
        version: 1.43.6

packages:

  ace-builds@1.43.6:
    resolution: {integrity: sha512-L1ddibQ7F3vyXR2k2fg+I8TQTPWVA6CKeDQr/h2+8CeyTp3W6EQL8xNFZRTztuP8xNOAqL3IYPqdzs31GCjDvg==}

snapshots:

  ace-builds@1.43.6: {}
